
Microsoft Visual Studio Solution File, Format Version 12.00
Project("{FAE04EC0-301F-11D3-BF4B-00C04F79EFBC}") = "VaasExample", "VaasExample.csproj", "{B008CC19-06A7-45FB-B9D8-C0902A9ACB0B}"
EndProject
Global
	GlobalSection(SolutionConfigurationPlatforms) = preSolution
		Debug|Any CPU = Debug|Any CPU
		Release|Any CPU = Release|Any CPU
	EndGlobalSection
	GlobalSection(ProjectConfigurationPlatforms) = postSolution
		{B008CC19-06A7-45FB-B9D8-C0902A9ACB0B}.Debug|Any CPU.ActiveCfg = Debug|Any CPU
		{B008CC19-06A7-45FB-B9D8-C0902A9ACB0B}.Debug|Any CPU.Build.0 = Debug|Any CPU
		{B008CC19-06A7-45FB-B9D8-C0902A9ACB0B}.Release|Any CPU.ActiveCfg = Release|Any CPU
		{B008CC19-06A7-45FB-B9D8-C0902A9ACB0B}.Release|Any CPU.Build.0 = Release|Any CPU
	EndGlobalSection
EndGlobal
